// !$*UTF8*$!
{
	archiveVersion = 1;
	classes = {
	};
	objectVersion = 56;
	objects = {

/* Begin PBXBuildFile section */
		3E4CD9362A125A1F004F43AC /* AppDelegate.m in Sources */ = {isa = PBXBuildFile; fileRef = 3E4CD9352A125A1F004F43AC /* AppDelegate.m */; };
		3E4CD9392A125A1F004F43AC /* SceneDelegate.m in Sources */ = {isa = PBXBuildFile; fileRef = 3E4CD9382A125A1F004F43AC /* SceneDelegate.m */; };
		3E4CD93C2A125A1F004F43AC /* ViewController.m in Sources */ = {isa = PBXBuildFile; fileRef = 3E4CD93B2A125A1F004F43AC /* ViewController.m */; };
		3E4CD93F2A125A1F004F43AC /* Main.storyboard in Resources */ = {isa = PBXBuildFile; fileRef = 3E4CD93D2A125A1F004F43AC /* Main.storyboard */; };
		3E4CD9412A125A22004F43AC /* Assets.xcassets in Resources */ = {isa = PBXBuildFile; fileRef = 3E4CD9402A125A22004F43AC /* Assets.xcassets */; };
		3E4CD9442A125A22004F43AC /* LaunchScreen.storyboard in Resources */ = {isa = PBXBuildFile; fileRef = 3E4CD9422A125A22004F43AC /* LaunchScreen.storyboard */; };
		3E4CD9472A125A22004F43AC /* main.m in Sources */ = {isa = PBXBuildFile; fileRef = 3E4CD9462A125A22004F43AC /* main.m */; };
		3E4CD9512A125A22004F43AC /* _____Tests.m in Sources */ = {isa = PBXBuildFile; fileRef = 3E4CD9502A125A22004F43AC /* _____Tests.m */; };
		3E4CD95B2A125A22004F43AC /* _____UITests.m in Sources */ = {isa = PBXBuildFile; fileRef = 3E4CD95A2A125A22004F43AC /* _____UITests.m */; };
		3E4CD95D2A125A22004F43AC /* _____UITestsLaunchTests.m in Sources */ = {isa = PBXBuildFile; fileRef = 3E4CD95C2A125A22004F43AC /* _____UITestsLaunchTests.m */; };
		3E4CD96B2A125A6A004F43AC /* Timer.m in Sources */ = {isa = PBXBuildFile; fileRef = 3E4CD96A2A125A6A004F43AC /* Timer.m */; };
/* End PBXBuildFile section */

/* Begin PBXContainerItemProxy section */
		3E4CD94D2A125A22004F43AC /* PBXContainerItemProxy */ = {
			isa = PBXContainerItemProxy;
			containerPortal = 3E4CD9292A125A1F004F43AC /* Project object */;
			proxyType = 1;
			remoteGlobalIDString = 3E4CD9302A125A1F004F43AC;
			remoteInfo = "定时器。。";
		};
		3E4CD9572A125A22004F43AC /* PBXContainerItemProxy */ = {
			isa = PBXContainerItemProxy;
			containerPortal = 3E4CD9292A125A1F004F43AC /* Project object */;
			proxyType = 1;
			remoteGlobalIDString = 3E4CD9302A125A1F004F43AC;
			remoteInfo = "定时器。。";
		};
/* End PBXContainerItemProxy section */

/* Begin PBXFileReference section */
		3E4CD9312A125A1F004F43AC /* 定时器。。.app */ = {isa = PBXFileReference; explicitFileType = wrapper.application; includeInIndex = 0; path = "定时器。。.app"; sourceTree = BUILT_PRODUCTS_DIR; };
		3E4CD9342A125A1F004F43AC /* AppDelegate.h */ = {isa = PBXFileReference; lastKnownFileType = sourcecode.c.h; path = AppDelegate.h; sourceTree = "<group>"; };
		3E4CD9352A125A1F004F43AC /* AppDelegate.m */ = {isa = PBXFileReference; lastKnownFileType = sourcecode.c.objc; path = AppDelegate.m; sourceTree = "<group>"; };
		3E4CD9372A125A1F004F43AC /* SceneDelegate.h */ = {isa = PBXFileReference; lastKnownFileType = sourcecode.c.h; path = SceneDelegate.h; sourceTree = "<group>"; };
		3E4CD9382A125A1F004F43AC /* SceneDelegate.m */ = {isa = PBXFileReference; lastKnownFileType = sourcecode.c.objc; path = SceneDelegate.m; sourceTree = "<group>"; };
		3E4CD93A2A125A1F004F43AC /* ViewController.h */ = {isa = PBXFileReference; lastKnownFileType = sourcecode.c.h; path = ViewController.h; sourceTree = "<group>"; };
		3E4CD93B2A125A1F004F43AC /* ViewController.m */ = {isa = PBXFileReference; lastKnownFileType = sourcecode.c.objc; path = ViewController.m; sourceTree = "<group>"; };
		3E4CD93E2A125A1F004F43AC /* Base */ = {isa = PBXFileReference; lastKnownFileType = file.storyboard; name = Base; path = Base.lproj/Main.storyboard; sourceTree = "<group>"; };
		3E4CD9402A125A22004F43AC /* Assets.xcassets */ = {isa = PBXFileReference; lastKnownFileType = folder.assetcatalog; path = Assets.xcassets; sourceTree = "<group>"; };
		3E4CD9432A125A22004F43AC /* Base */ = {isa = PBXFileReference; lastKnownFileType = file.storyboard; name = Base; path = Base.lproj/LaunchScreen.storyboard; sourceTree = "<group>"; };
		3E4CD9452A125A22004F43AC /* Info.plist */ = {isa = PBXFileReference; lastKnownFileType = text.plist.xml; path = Info.plist; sourceTree = "<group>"; };
		3E4CD9462A125A22004F43AC /* main.m */ = {isa = PBXFileReference; lastKnownFileType = sourcecode.c.objc; path = main.m; sourceTree = "<group>"; };
		3E4CD94C2A125A22004F43AC /* 定时器。。Tests.xctest */ = {isa = PBXFileReference; explicitFileType = wrapper.cfbundle; includeInIndex = 0; path = "定时器。。Tests.xctest"; sourceTree = BUILT_PRODUCTS_DIR; };
		3E4CD9502A125A22004F43AC /* _____Tests.m */ = {isa = PBXFileReference; lastKnownFileType = sourcecode.c.objc; path = "_____Tests.m"; sourceTree = "<group>"; };
		3E4CD9562A125A22004F43AC /* 定时器。。UITests.xctest */ = {isa = PBXFileReference; explicitFileType = wrapper.cfbundle; includeInIndex = 0; path = "定时器。。UITests.xctest"; sourceTree = BUILT_PRODUCTS_DIR; };
		3E4CD95A2A125A22004F43AC /* _____UITests.m */ = {isa = PBXFileReference; lastKnownFileType = sourcecode.c.objc; path = "_____UITests.m"; sourceTree = "<group>"; };
		3E4CD95C2A125A22004F43AC /* _____UITestsLaunchTests.m */ = {isa = PBXFileReference; lastKnownFileType = sourcecode.c.objc; path = "_____UITestsLaunchTests.m"; sourceTree = "<group>"; };
		3E4CD9692A125A6A004F43AC /* Timer.h */ = {isa = PBXFileReference; lastKnownFileType = sourcecode.c.h; path = Timer.h; sourceTree = "<group>"; };
		3E4CD96A2A125A6A004F43AC /* Timer.m */ = {isa = PBXFileReference; lastKnownFileType = sourcecode.c.objc; path = Timer.m; sourceTree = "<group>"; };
/* End PBXFileReference section */

/* Begin PBXFrameworksBuildPhase section */
		3E4CD92E2A125A1F004F43AC /* Frameworks */ = {
			isa = PBXFrameworksBuildPhase;
			buildActionMask = 2147483647;
			files = (
			);
			runOnlyForDeploymentPostprocessing = 0;
		};
		3E4CD9492A125A22004F43AC /* Frameworks */ = {
			isa = PBXFrameworksBuildPhase;
			buildActionMask = 2147483647;
			files = (
			);
			runOnlyForDeploymentPostprocessing = 0;
		};
		3E4CD9532A125A22004F43AC /* Frameworks */ = {
			isa = PBXFrameworksBuildPhase;
			buildActionMask = 2147483647;
			files = (
			);
			runOnlyForDeploymentPostprocessing = 0;
		};
/* End PBXFrameworksBuildPhase section */

/* Begin PBXGroup section */
		3E4CD9282A125A1F004F43AC = {
			isa = PBXGroup;
			children = (
				3E4CD9332A125A1F004F43AC /* 定时器。。 */,
				3E4CD94F2A125A22004F43AC /* 定时器。。Tests */,
				3E4CD9592A125A22004F43AC /* 定时器。。UITests */,
				3E4CD9322A125A1F004F43AC /* Products */,
			);
			sourceTree = "<group>";
		};
		3E4CD9322A125A1F004F43AC /* Products */ = {
			isa = PBXGroup;
			children = (
				3E4CD9312A125A1F004F43AC /* 定时器。。.app */,
				3E4CD94C2A125A22004F43AC /* 定时器。。Tests.xctest */,
				3E4CD9562A125A22004F43AC /* 定时器。。UITests.xctest */,
			);
			name = Products;
			sourceTree = "<group>";
		};
		3E4CD9332A125A1F004F43AC /* 定时器。。 */ = {
			isa = PBXGroup;
			children = (
				3E4CD9342A125A1F004F43AC /* AppDelegate.h */,
				3E4CD9352A125A1F004F43AC /* AppDelegate.m */,
				3E4CD9372A125A1F004F43AC /* SceneDelegate.h */,
				3E4CD9382A125A1F004F43AC /* SceneDelegate.m */,
				3E4CD93A2A125A1F004F43AC /* ViewController.h */,
				3E4CD93B2A125A1F004F43AC /* ViewController.m */,
				3E4CD9692A125A6A004F43AC /* Timer.h */,
				3E4CD96A2A125A6A004F43AC /* Timer.m */,
				3E4CD93D2A125A1F004F43AC /* Main.storyboard */,
				3E4CD9402A125A22004F43AC /* Assets.xcassets */,
				3E4CD9422A125A22004F43AC /* LaunchScreen.storyboard */,
				3E4CD9452A125A22004F43AC /* Info.plist */,
				3E4CD9462A125A22004F43AC /* main.m */,
			);
			path = "定时器。。";
			sourceTree = "<group>";
		};
		3E4CD94F2A125A22004F43AC /* 定时器。。Tests */ = {
			isa = PBXGroup;
			children = (
				3E4CD9502A125A22004F43AC /* _____Tests.m */,
			);
			path = "定时器。。Tests";
			sourceTree = "<group>";
		};
		3E4CD9592A125A22004F43AC /* 定时器。。UITests */ = {
			isa = PBXGroup;
			children = (
				3E4CD95A2A125A22004F43AC /* _____UITests.m */,
				3E4CD95C2A125A22004F43AC /* _____UITestsLaunchTests.m */,
			);
			path = "定时器。。UITests";
			sourceTree = "<group>";
		};
/* End PBXGroup section */

/* Begin PBXNativeTarget section */
		3E4CD9302A125A1F004F43AC /* 定时器。。 */ = {
			isa = PBXNativeTarget;
			buildConfigurationList = 3E4CD9602A125A22004F43AC /* Build configuration list for PBXNativeTarget "定时器。。" */;
			buildPhases = (
				3E4CD92D2A125A1F004F43AC /* Sources */,
				3E4CD92E2A125A1F004F43AC /* Frameworks */,
				3E4CD92F2A125A1F004F43AC /* Resources */,
			);
			buildRules = (
			);
			dependencies = (
			);
			name = "定时器。。";
			productName = "定时器。。";
			productReference = 3E4CD9312A125A1F004F43AC /* 定时器。。.app */;
			productType = "com.apple.product-type.application";
		};
		3E4CD94B2A125A22004F43AC /* 定时器。。Tests */ = {
			isa = PBXNativeTarget;
			buildConfigurationList = 3E4CD9632A125A22004F43AC /* Build configuration list for PBXNativeTarget "定时器。。Tests" */;
			buildPhases = (
				3E4CD9482A125A22004F43AC /* Sources */,
				3E4CD9492A125A22004F43AC /* Frameworks */,
				3E4CD94A2A125A22004F43AC /* Resources */,
			);
			buildRules = (
			);
			dependencies = (
				3E4CD94E2A125A22004F43AC /* PBXTargetDependency */,
			);
			name = "定时器。。Tests";
			productName = "定时器。。Tests";
			productReference = 3E4CD94C2A125A22004F43AC /* 定时器。。Tests.xctest */;
			productType = "com.apple.product-type.bundle.unit-test";
		};
		3E4CD9552A125A22004F43AC /* 定时器。。UITests */ = {
			isa = PBXNativeTarget;
			buildConfigurationList = 3E4CD9662A125A22004F43AC /* Build configuration list for PBXNativeTarget "定时器。。UITests" */;
			buildPhases = (
				3E4CD9522A125A22004F43AC /* Sources */,
				3E4CD9532A125A22004F43AC /* Frameworks */,
				3E4CD9542A125A22004F43AC /* Resources */,
			);
			buildRules = (
			);
			dependencies = (
				3E4CD9582A125A22004F43AC /* PBXTargetDependency */,
			);
			name = "定时器。。UITests";
			productName = "定时器。。UITests";
			productReference = 3E4CD9562A125A22004F43AC /* 定时器。。UITests.xctest */;
			productType = "com.apple.product-type.bundle.ui-testing";
		};
/* End PBXNativeTarget section */

/* Begin PBXProject section */
		3E4CD9292A125A1F004F43AC /* Project object */ = {
			isa = PBXProject;
			attributes = {
				BuildIndependentTargetsInParallel = 1;
				LastUpgradeCheck = 1420;
				TargetAttributes = {
					3E4CD9302A125A1F004F43AC = {
						CreatedOnToolsVersion = 14.2;
					};
					3E4CD94B2A125A22004F43AC = {
						CreatedOnToolsVersion = 14.2;
						TestTargetID = 3E4CD9302A125A1F004F43AC;
					};
					3E4CD9552A125A22004F43AC = {
						CreatedOnToolsVersion = 14.2;
						TestTargetID = 3E4CD9302A125A1F004F43AC;
					};
				};
			};
			buildConfigurationList = 3E4CD92C2A125A1F004F43AC /* Build configuration list for PBXProject "定时器。。" */;
			compatibilityVersion = "Xcode 14.0";
			developmentRegion = en;
			hasScannedForEncodings = 0;
			knownRegions = (
				en,
				Base,
			);
			mainGroup = 3E4CD9282A125A1F004F43AC;
			productRefGroup = 3E4CD9322A125A1F004F43AC /* Products */;
			projectDirPath = "";
			projectRoot = "";
			targets = (
				3E4CD9302A125A1F004F43AC /* 定时器。。 */,
				3E4CD94B2A125A22004F43AC /* 定时器。。Tests */,
				3E4CD9552A125A22004F43AC /* 定时器。。UITests */,
			);
		};
/* End PBXProject section */

/* Begin PBXResourcesBuildPhase section */
		3E4CD92F2A125A1F004F43AC /* Resources */ = {
			isa = PBXResourcesBuildPhase;
			buildActionMask = 2147483647;
			files = (
				3E4CD9442A125A22004F43AC /* LaunchScreen.storyboard in Resources */,
				3E4CD9412A125A22004F43AC /* Assets.xcassets in Resources */,
				3E4CD93F2A125A1F004F43AC /* Main.storyboard in Resources */,
			);
			runOnlyForDeploymentPostprocessing = 0;
		};
		3E4CD94A2A125A22004F43AC /* Resources */ = {
			isa = PBXResourcesBuildPhase;
			buildActionMask = 2147483647;
			files = (
			);
			runOnlyForDeploymentPostprocessing = 0;
		};
		3E4CD9542A125A22004F43AC /* Resources */ = {
			isa = PBXResourcesBuildPhase;
			buildActionMask = 2147483647;
			files = (
			);
			runOnlyForDeploymentPostprocessing = 0;
		};
/* End PBXResourcesBuildPhase section */

/* Begin PBXSourcesBuildPhase section */
		3E4CD92D2A125A1F004F43AC /* Sources */ = {
			isa = PBXSourcesBuildPhase;
			buildActionMask = 2147483647;
			files = (
				3E4CD93C2A125A1F004F43AC /* ViewController.m in Sources */,
				3E4CD9362A125A1F004F43AC /* AppDelegate.m in Sources */,
				3E4CD9472A125A22004F43AC /* main.m in Sources */,
				3E4CD9392A125A1F004F43AC /* SceneDelegate.m in Sources */,
				3E4CD96B2A125A6A004F43AC /* Timer.m in Sources */,
			);
			runOnlyForDeploymentPostprocessing = 0;
		};
		3E4CD9482A125A22004F43AC /* Sources */ = {
			isa = PBXSourcesBuildPhase;
			buildActionMask = 2147483647;
			files = (
				3E4CD9512A125A22004F43AC /* _____Tests.m in Sources */,
			);
			runOnlyForDeploymentPostprocessing = 0;
		};
		3E4CD9522A125A22004F43AC /* Sources */ = {
			isa = PBXSourcesBuildPhase;
			buildActionMask = 2147483647;
			files = (
				3E4CD95D2A125A22004F43AC /* _____UITestsLaunchTests.m in Sources */,
				3E4CD95B2A125A22004F43AC /* _____UITests.m in Sources */,
			);
			runOnlyForDeploymentPostprocessing = 0;
		};
/* End PBXSourcesBuildPhase section */

/* Begin PBXTargetDependency section */
		3E4CD94E2A125A22004F43AC /* PBXTargetDependency */ = {
			isa = PBXTargetDependency;
			target = 3E4CD9302A125A1F004F43AC /* 定时器。。 */;
			targetProxy = 3E4CD94D2A125A22004F43AC /* PBXContainerItemProxy */;
		};
		3E4CD9582A125A22004F43AC /* PBXTargetDependency */ = {
			isa = PBXTargetDependency;
			target = 3E4CD9302A125A1F004F43AC /* 定时器。。 */;
			targetProxy = 3E4CD9572A125A22004F43AC /* PBXContainerItemProxy */;
		};
/* End PBXTargetDependency section */

/* Begin PBXVariantGroup section */
		3E4CD93D2A125A1F004F43AC /* Main.storyboard */ = {
			isa = PBXVariantGroup;
			children = (
				3E4CD93E2A125A1F004F43AC /* Base */,
			);
			name = Main.storyboard;
			sourceTree = "<group>";
		};
		3E4CD9422A125A22004F43AC /* LaunchScreen.storyboard */ = {
			isa = PBXVariantGroup;
			children = (
				3E4CD9432A125A22004F43AC /* Base */,
			);
			name = LaunchScreen.storyboard;
			sourceTree = "<group>";
		};
/* End PBXVariantGroup section */

/* Begin XCBuildConfiguration section */
		3E4CD95E2A125A22004F43AC /* Debug */ = {
			isa = XCBuildConfiguration;
			buildSettings = {
				ALWAYS_SEARCH_USER_PATHS = NO;
				CLANG_ANALYZER_NONNULL = YES;
				CLANG_ANALYZER_NUMBER_OBJECT_CONVERSION = YES_AGGRESSIVE;
				CLANG_CXX_LANGUAGE_STANDARD = "gnu++20";
				CLANG_ENABLE_MODULES = YES;
				CLANG_ENABLE_OBJC_ARC = YES;
				CLANG_ENABLE_OBJC_WEAK = YES;
				CLANG_WARN_BLOCK_CAPTURE_AUTORELEASING = YES;
				CLANG_WARN_BOOL_CONVERSION = YES;
				CLANG_WARN_COMMA = YES;
				CLANG_WARN_CONSTANT_CONVERSION = YES;
				CLANG_WARN_DEPRECATED_OBJC_IMPLEMENTATIONS = YES;
				CLANG_WARN_DIRECT_OBJC_ISA_USAGE = YES_ERROR;
				CLANG_WARN_DOCUMENTATION_COMMENTS = YES;
				CLANG_WARN_EMPTY_BODY = YES;
				CLANG_WARN_ENUM_CONVERSION = YES;
				CLANG_WARN_INFINITE_RECURSION = YES;
				CLANG_WARN_INT_CONVERSION = YES;
				CLANG_WARN_NON_LITERAL_NULL_CONVERSION = YES;
				CLANG_WARN_OBJC_IMPLICIT_RETAIN_SELF = YES;
				CLANG_WARN_OBJC_LITERAL_CONVERSION = YES;
				CLANG_WARN_OBJC_ROOT_CLASS = YES_ERROR;
				CLANG_WARN_QUOTED_INCLUDE_IN_FRAMEWORK_HEADER = YES;
				CLANG_WARN_RANGE_LOOP_ANALYSIS = YES;
				CLANG_WARN_STRICT_PROTOTYPES = YES;
				CLANG_WARN_SUSPICIOUS_MOVE = YES;
				CLANG_WARN_UNGUARDED_AVAILABILITY = YES_AGGRESSIVE;
				CLANG_WARN_UNREACHABLE_CODE = YES;
				CLANG_WARN__DUPLICATE_METHOD_MATCH = YES;
				COPY_PHASE_STRIP = NO;
				DEBUG_INFORMATION_FORMAT = dwarf;
				ENABLE_STRICT_OBJC_MSGSEND = YES;
				ENABLE_TESTABILITY = YES;
				GCC_C_LANGUAGE_STANDARD = gnu11;
				GCC_DYNAMIC_NO_PIC = NO;
				GCC_NO_COMMON_BLOCKS = YES;
				GCC_OPTIMIZATION_LEVEL = 0;
				GCC_PREPROCESSOR_DEFINITIONS = (
					"DEBUG=1",
					"$(inherited)",
				);
				GCC_WARN_64_TO_32_BIT_CONVERSION = YES;
				GCC_WARN_ABOUT_RETURN_TYPE = YES_ERROR;
				GCC_WARN_UNDECLARED_SELECTOR = YES;
				GCC_WARN_UNINITIALIZED_AUTOS = YES_AGGRESSIVE;
				GCC_WARN_UNUSED_FUNCTION = YES;
				GCC_WARN_UNUSED_VARIABLE = YES;
				IPHONEOS_DEPLOYMENT_TARGET = 16.2;
				MTL_ENABLE_DEBUG_INFO = INCLUDE_SOURCE;
				MTL_FAST_MATH = YES;
				ONLY_ACTIVE_ARCH = YES;
				SDKROOT = iphoneos;
			};
			name = Debug;
		};
		3E4CD95F2A125A22004F43AC /* Release */ = {
			isa = XCBuildConfiguration;
			buildSettings = {
				ALWAYS_SEARCH_USER_PATHS = NO;
				CLANG_ANALYZER_NONNULL = YES;
				CLANG_ANALYZER_NUMBER_OBJECT_CONVERSION = YES_AGGRESSIVE;
				CLANG_CXX_LANGUAGE_STANDARD = "gnu++20";
				CLANG_ENABLE_MODULES = YES;
				CLANG_ENABLE_OBJC_ARC = YES;
				CLANG_ENABLE_OBJC_WEAK = YES;
				CLANG_WARN_BLOCK_CAPTURE_AUTORELEASING = YES;
				CLANG_WARN_BOOL_CONVERSION = YES;
				CLANG_WARN_COMMA = YES;
				CLANG_WARN_CONSTANT_CONVERSION = YES;
				CLANG_WARN_DEPRECATED_OBJC_IMPLEMENTATIONS = YES;
				CLANG_WARN_DIRECT_OBJC_ISA_USAGE = YES_ERROR;
				CLANG_WARN_DOCUMENTATION_COMMENTS = YES;
				CLANG_WARN_EMPTY_BODY = YES;
				CLANG_WARN_ENUM_CONVERSION = YES;
				CLANG_WARN_INFINITE_RECURSION = YES;
				CLANG_WARN_INT_CONVERSION = YES;
				CLANG_WARN_NON_LITERAL_NULL_CONVERSION = YES;
				CLANG_WARN_OBJC_IMPLICIT_RETAIN_SELF = YES;
				CLANG_WARN_OBJC_LITERAL_CONVERSION = YES;
				CLANG_WARN_OBJC_ROOT_CLASS = YES_ERROR;
				CLANG_WARN_QUOTED_INCLUDE_IN_FRAMEWORK_HEADER = YES;
				CLANG_WARN_RANGE_LOOP_ANALYSIS = YES;
				CLANG_WARN_STRICT_PROTOTYPES = YES;
				CLANG_WARN_SUSPICIOUS_MOVE = YES;
				CLANG_WARN_UNGUARDED_AVAILABILITY = YES_AGGRESSIVE;
				CLANG_WARN_UNREACHABLE_CODE = YES;
				CLANG_WARN__DUPLICATE_METHOD_MATCH = YES;
				COPY_PHASE_STRIP = NO;
				DEBUG_INFORMATION_FORMAT = "dwarf-with-dsym";
				ENABLE_NS_ASSERTIONS = NO;
				ENABLE_STRICT_OBJC_MSGSEND = YES;
				GCC_C_LANGUAGE_STANDARD = gnu11;
				GCC_NO_COMMON_BLOCKS = YES;
				GCC_WARN_64_TO_32_BIT_CONVERSION = YES;
				GCC_WARN_ABOUT_RETURN_TYPE = YES_ERROR;
				GCC_WARN_UNDECLARED_SELECTOR = YES;
				GCC_WARN_UNINITIALIZED_AUTOS = YES_AGGRESSIVE;
				GCC_WARN_UNUSED_FUNCTION = YES;
				GCC_WARN_UNUSED_VARIABLE = YES;
				IPHONEOS_DEPLOYMENT_TARGET = 16.2;
				MTL_ENABLE_DEBUG_INFO = NO;
				MTL_FAST_MATH = YES;
				SDKROOT = iphoneos;
				VALIDATE_PRODUCT = YES;
			};
			name = Release;
		};
		3E4CD9612A125A22004F43AC /* Debug */ = {
			isa = XCBuildConfiguration;
			buildSettings = {
				ASSETCATALOG_COMPILER_APPICON_NAME = AppIcon;
				ASSETCATALOG_COMPILER_GLOBAL_ACCENT_COLOR_NAME = AccentColor;
				CODE_SIGN_STYLE = Automatic;
				CURRENT_PROJECT_VERSION = 1;
				GENERATE_INFOPLIST_FILE = YES;
				INFOPLIST_FILE = "定时器。。/Info.plist";
				INFOPLIST_KEY_UIApplicationSupportsIndirectInputEvents = YES;
				INFOPLIST_KEY_UILaunchStoryboardName = LaunchScreen;
				INFOPLIST_KEY_UIMainStoryboardFile = Main;
				INFOPLIST_KEY_UISupportedInterfaceOrientations_iPad = "UIInterfaceOrientationPortrait UIInterfaceOrientationPortraitUpsideDown UIInterfaceOrientationLandscapeLeft UIInterfaceOrientationLandscapeRight";
				INFOPLIST_KEY_UISupportedInterfaceOrientations_iPhone = "UIInterfaceOrientationPortrait UIInterfaceOrientationLandscapeLeft UIInterfaceOrientationLandscapeRight";
				LD_RUNPATH_SEARCH_PATHS = (
					"$(inherited)",
					"@executable_path/Frameworks",
				);
				MARKETING_VERSION = 1.0;
				PRODUCT_BUNDLE_IDENTIFIER = "-.-----";
				PRODUCT_NAME = "$(TARGET_NAME)";
				SWIFT_EMIT_LOC_STRINGS = YES;
				TARGETED_DEVICE_FAMILY = "1,2";
			};
			name = Debug;
		};
		3E4CD9622A125A22004F43AC /* Release */ = {
			isa = XCBuildConfiguration;
			buildSettings = {
				ASSETCATALOG_COMPILER_APPICON_NAME = AppIcon;
				ASSETCATALOG_COMPILER_GLOBAL_ACCENT_COLOR_NAME = AccentColor;
				CODE_SIGN_STYLE = Automatic;
				CURRENT_PROJECT_VERSION = 1;
				GENERATE_INFOPLIST_FILE = YES;
				INFOPLIST_FILE = "定时器。。/Info.plist";
				INFOPLIST_KEY_UIApplicationSupportsIndirectInputEvents = YES;
				INFOPLIST_KEY_UILaunchStoryboardName = LaunchScreen;
				INFOPLIST_KEY_UIMainStoryboardFile = Main;
				INFOPLIST_KEY_UISupportedInterfaceOrientations_iPad = "UIInterfaceOrientationPortrait UIInterfaceOrientationPortraitUpsideDown UIInterfaceOrientationLandscapeLeft UIInterfaceOrientationLandscapeRight";
				INFOPLIST_KEY_UISupportedInterfaceOrientations_iPhone = "UIInterfaceOrientationPortrait UIInterfaceOrientationLandscapeLeft UIInterfaceOrientationLandscapeRight";
				LD_RUNPATH_SEARCH_PATHS = (
					"$(inherited)",
					"@executable_path/Frameworks",
				);
				MARKETING_VERSION = 1.0;
				PRODUCT_BUNDLE_IDENTIFIER = "-.-----";
				PRODUCT_NAME = "$(TARGET_NAME)";
				SWIFT_EMIT_LOC_STRINGS = YES;
				TARGETED_DEVICE_FAMILY = "1,2";
			};
			name = Release;
		};
		3E4CD9642A125A22004F43AC /* Debug */ = {
			isa = XCBuildConfiguration;
			buildSettings = {
				BUNDLE_LOADER = "$(TEST_HOST)";
				CODE_SIGN_STYLE = Automatic;
				CURRENT_PROJECT_VERSION = 1;
				GENERATE_INFOPLIST_FILE = YES;
				IPHONEOS_DEPLOYMENT_TARGET = 16.2;
				MARKETING_VERSION = 1.0;
				PRODUCT_BUNDLE_IDENTIFIER = "-.-----Tests";
				PRODUCT_NAME = "$(TARGET_NAME)";
				SWIFT_EMIT_LOC_STRINGS = NO;
				TARGETED_DEVICE_FAMILY = "1,2";
				TEST_HOST = "$(BUILT_PRODUCTS_DIR)/定时器。。.app/$(BUNDLE_EXECUTABLE_FOLDER_PATH)/定时器。。";
			};
			name = Debug;
		};
		3E4CD9652A125A22004F43AC /* Release */ = {
			isa = XCBuildConfiguration;
			buildSettings = {
				BUNDLE_LOADER = "$(TEST_HOST)";
				CODE_SIGN_STYLE = Automatic;
				CURRENT_PROJECT_VERSION = 1;
				GENERATE_INFOPLIST_FILE = YES;
				IPHONEOS_DEPLOYMENT_TARGET = 16.2;
				MARKETING_VERSION = 1.0;
				PRODUCT_BUNDLE_IDENTIFIER = "-.-----Tests";
				PRODUCT_NAME = "$(TARGET_NAME)";
				SWIFT_EMIT_LOC_STRINGS = NO;
				TARGETED_DEVICE_FAMILY = "1,2";
				TEST_HOST = "$(BUILT_PRODUCTS_DIR)/定时器。。.app/$(BUNDLE_EXECUTABLE_FOLDER_PATH)/定时器。。";
			};
			name = Release;
		};
		3E4CD9672A125A22004F43AC /* Debug */ = {
			isa = XCBuildConfiguration;
			buildSettings = {
				CODE_SIGN_STYLE = Automatic;
				CURRENT_PROJECT_VERSION = 1;
				GENERATE_INFOPLIST_FILE = YES;
				MARKETING_VERSION = 1.0;
				PRODUCT_BUNDLE_IDENTIFIER = "-.-----UITests";
				PRODUCT_NAME = "$(TARGET_NAME)";
				SWIFT_EMIT_LOC_STRINGS = NO;
				TARGETED_DEVICE_FAMILY = "1,2";
				TEST_TARGET_NAME = "定时器。。";
			};
			name = Debug;
		};
		3E4CD9682A125A22004F43AC /* Release */ = {
			isa = XCBuildConfiguration;
			buildSettings = {
				CODE_SIGN_STYLE = Automatic;
				CURRENT_PROJECT_VERSION = 1;
				GENERATE_INFOPLIST_FILE = YES;
				MARKETING_VERSION = 1.0;
				PRODUCT_BUNDLE_IDENTIFIER = "-.-----UITests";
				PRODUCT_NAME = "$(TARGET_NAME)";
				SWIFT_EMIT_LOC_STRINGS = NO;
				TARGETED_DEVICE_FAMILY = "1,2";
				TEST_TARGET_NAME = "定时器。。";
			};
			name = Release;
		};
/* End XCBuildConfiguration section */

/* Begin XCConfigurationList section */
		3E4CD92C2A125A1F004F43AC /* Build configuration list for PBXProject "定时器。。" */ = {
			isa = XCConfigurationList;
			buildConfigurations = (
				3E4CD95E2A125A22004F43AC /* Debug */,
				3E4CD95F2A125A22004F43AC /* Release */,
			);
			defaultConfigurationIsVisible = 0;
			defaultConfigurationName = Release;
		};
		3E4CD9602A125A22004F43AC /* Build configuration list for PBXNativeTarget "定时器。。" */ = {
			isa = XCConfigurationList;
			buildConfigurations = (
				3E4CD9612A125A22004F43AC /* Debug */,
				3E4CD9622A125A22004F43AC /* Release */,
			);
			defaultConfigurationIsVisible = 0;
			defaultConfigurationName = Release;
		};
		3E4CD9632A125A22004F43AC /* Build configuration list for PBXNativeTarget "定时器。。Tests" */ = {
			isa = XCConfigurationList;
			buildConfigurations = (
				3E4CD9642A125A22004F43AC /* Debug */,
				3E4CD9652A125A22004F43AC /* Release */,
			);
			defaultConfigurationIsVisible = 0;
			defaultConfigurationName = Release;
		};
		3E4CD9662A125A22004F43AC /* Build configuration list for PBXNativeTarget "定时器。。UITests" */ = {
			isa = XCConfigurationList;
			buildConfigurations = (
				3E4CD9672A125A22004F43AC /* Debug */,
				3E4CD9682A125A22004F43AC /* Release */,
			);
			defaultConfigurationIsVisible = 0;
			defaultConfigurationName = Release;
		};
/* End XCConfigurationList section */
	};
	rootObject = 3E4CD9292A125A1F004F43AC /* Project object */;
}
